
Microsoft Visual Studio Solution File, Format Version 12.00
# Visual Studio Version 17
VisualStudioVersion = 17.7.34202.233
MinimumVisualStudioVersion = 10.0.40219.1
Project("{FAE04EC0-301F-11D3-BF4B-00C04F79EFBC}") = "Todean_Daiana_Lab6", "Todean_Daiana_Lab6.csproj", "{67BBFFC4-19EC-4E30-8CAD-B80872C30A36}"
EndProject
Global
	GlobalSection(SolutionConfigurationPlatforms) = preSolution
		Debug|Any CPU = Debug|Any CPU
		Release|Any CPU = Release|Any CPU
	EndGlobalSection
	GlobalSection(ProjectConfigurationPlatforms) = postSolution
		{67BBFFC4-19EC-4E30-8CAD-B80872C30A36}.Debug|Any CPU.ActiveCfg = Debug|Any CPU
		{67BBFFC4-19EC-4E30-8CAD-B80872C30A36}.Debug|Any CPU.Build.0 = Debug|Any CPU
		{67BBFFC4-19EC-4E30-8CAD-B80872C30A36}.Release|Any CPU.ActiveCfg = Release|Any CPU
		{67BBFFC4-19EC-4E30-8CAD-B80872C30A36}.Release|Any CPU.Build.0 = Release|Any CPU
	EndGlobalSection
	GlobalSection(SolutionProperties) = preSolution
		HideSolutionNode = FALSE
	EndGlobalSection
	GlobalSection(ExtensibilityGlobals) = postSolution
		SolutionGuid = {4945CF9D-7492-4B7C-9E29-C08CC6CF5D77}
	EndGlobalSection
EndGlobal
